// !$*UTF8*$!
{
	archiveVersion = 1;
	classes = {
	};
	objectVersion = 77;
	objects = {

/* Begin PBXBuildFile section */
		032B9FF656A39CA54FFD6696 /* Song.swift in Sources */ = {isa = PBXBuildFile; fileRef = 2A361AD6DC307D1AAA87651E /* Song.swift */; };
		0CDE1BCA967CEA363D1C6A8B /* PlayerView.swift in Sources */ = {isa = PBXBuildFile; fileRef = 82184A371E40EEDD7AB4A5F0 /* PlayerView.swift */; };
		19A37AD52B775C629BC0A81A /* YouTubePlayerService.swift in Sources */ = {isa = PBXBuildFile; fileRef = 4855DC3E3C420D1EFEC24745 /* YouTubePlayerService.swift */; };
		26F1D5E08DF3F8D5FD19011D /* QueuePlayerView.swift in Sources */ = {isa = PBXBuildFile; fileRef = 48AC91E525720AEC50571543 /* QueuePlayerView.swift */; };
		35A0FAB9AF2EA928CC99D9F4 /* QueueService.swift in Sources */ = {isa = PBXBuildFile; fileRef = 3EE461E7D4727BBE5F8D47F4 /* QueueService.swift */; };
		512E138CC8FAAAE99710B2CA /* SongBrowserViewModel.swift in Sources */ = {isa = PBXBuildFile; fileRef = FC836AEDD01F0D4DBEA8E058 /* SongBrowserViewModel.swift */; };
		5944ACD1EFE6A32BA16450FF /* DeviceConnection.swift in Sources */ = {isa = PBXBuildFile; fileRef = 3D77D8E97008672FB7B0FFCB /* DeviceConnection.swift */; };
		5F7F517B9BB5D9BED1321225 /* SettingsView.swift in Sources */ = {isa = PBXBuildFile; fileRef = 242697E18AEAB60CBAFEFDD9 /* SettingsView.swift */; };
		6AF083A00151BDEC30C16B07 /* PairingView.swift in Sources */ = {isa = PBXBuildFile; fileRef = C079225F143228A7055E1632 /* PairingView.swift */; };
		6DCC7E9405E9B5A6D12BA565 /* SocketPairingService.swift in Sources */ = {isa = PBXBuildFile; fileRef = EC88BBE882CD4149BAF5CA9E /* SocketPairingService.swift */; };
		6F95E889AB7BEA35A714BAF4 /* SupabaseClient.swift in Sources */ = {isa = PBXBuildFile; fileRef = 7DB3E9FFFBE22CBBA15135DC /* SupabaseClient.swift */; };
		736A530EE928DFDDF639D8EF /* APIClient.swift in Sources */ = {isa = PBXBuildFile; fileRef = 91E57604D0623F07EF4CA692 /* APIClient.swift */; };
		753B4F4E904112473E91503F /* APIError.swift in Sources */ = {isa = PBXBuildFile; fileRef = 14DDB28444B3EA41642CCE05 /* APIError.swift */; };
		7AB83E55365371E8429C7636 /* LyricsSyncService.swift in Sources */ = {isa = PBXBuildFile; fileRef = 0CCD25ACB63D04CCC24D2982 /* LyricsSyncService.swift */; };
		7BACFB9AF8197EE0F82B70B6 /* Supabase in Frameworks */ = {isa = PBXBuildFile; productRef = A5F64993CEC01C3B19A26EC4 /* Supabase */; };
		84FFDFF6C99BC8517DEB3DC5 /* MicLevelIndicator.swift in Sources */ = {isa = PBXBuildFile; fileRef = F140FF50C201F6795B4BBDFC /* MicLevelIndicator.swift */; };
		92981B7EFA3D0BDCD120A69C /* SocketIO in Frameworks */ = {isa = PBXBuildFile; productRef = B4F6B415090C4942A2796B12 /* SocketIO */; };
		9A2D002B5E3DA17322C65B4A /* AuthenticationView.swift in Sources */ = {isa = PBXBuildFile; fileRef = C9799C4F61443A751B5FAE4A /* AuthenticationView.swift */; };
		B051CCDBFD2858052B7BEABB /* QueueEntry.swift in Sources */ = {isa = PBXBuildFile; fileRef = 9F65539D042CC7AB8AD7AE57 /* QueueEntry.swift */; };
		BFC43AC850966B8CEA3ACD02 /* AudioStreamService.swift in Sources */ = {isa = PBXBuildFile; fileRef = D59014439210E54DC17AE39F /* AudioStreamService.swift */; };
		D03946AD48BAB3AADFC0C211 /* KTVSingerApp.swift in Sources */ = {isa = PBXBuildFile; fileRef = D0BF10A32072B201D874BFF2 /* KTVSingerApp.swift */; };
		D049FBB55116A037A13868A2 /* DevicePairingService.swift in Sources */ = {isa = PBXBuildFile; fileRef = 35DD97D5B365D828A64CE641 /* DevicePairingService.swift */; };
		D845F39E7032720DE2992DE4 /* SongBrowserView.swift in Sources */ = {isa = PBXBuildFile; fileRef = 83D3BE68B31B254B7363745B /* SongBrowserView.swift */; };
		EDC8E5F59BED9476BA2E9F42 /* PlayerViewModel.swift in Sources */ = {isa = PBXBuildFile; fileRef = 7C71632D6A4575FD349602B8 /* PlayerViewModel.swift */; };
		FF3804000606EFE6DD440F74 /* FavoritesView.swift in Sources */ = {isa = PBXBuildFile; fileRef = 1817BBA29E8F4D3D187FEFEF /* FavoritesView.swift */; };
/* End PBXBuildFile section */

/* Begin PBXFileReference section */
		0CCD25ACB63D04CCC24D2982 /* LyricsSyncService.swift */ = {isa = PBXFileReference; lastKnownFileType = sourcecode.swift; path = LyricsSyncService.swift; sourceTree = "<group>"; };
		14DDB28444B3EA41642CCE05 /* APIError.swift */ = {isa = PBXFileReference; lastKnownFileType = sourcecode.swift; path = APIError.swift; sourceTree = "<group>"; };
		1817BBA29E8F4D3D187FEFEF /* FavoritesView.swift */ = {isa = PBXFileReference; lastKnownFileType = sourcecode.swift; path = FavoritesView.swift; sourceTree = "<group>"; };
		242697E18AEAB60CBAFEFDD9 /* SettingsView.swift */ = {isa = PBXFileReference; lastKnownFileType = sourcecode.swift; path = SettingsView.swift; sourceTree = "<group>"; };
		2A361AD6DC307D1AAA87651E /* Song.swift */ = {isa = PBXFileReference; lastKnownFileType = sourcecode.swift; path = Song.swift; sourceTree = "<group>"; };
		35DD97D5B365D828A64CE641 /* DevicePairingService.swift */ = {isa = PBXFileReference; lastKnownFileType = sourcecode.swift; path = DevicePairingService.swift; sourceTree = "<group>"; };
		3D77D8E97008672FB7B0FFCB /* DeviceConnection.swift */ = {isa = PBXFileReference; lastKnownFileType = sourcecode.swift; path = DeviceConnection.swift; sourceTree = "<group>"; };
		3EE461E7D4727BBE5F8D47F4 /* QueueService.swift */ = {isa = PBXFileReference; lastKnownFileType = sourcecode.swift; path = QueueService.swift; sourceTree = "<group>"; };
		46AA6DA6F2002F6EFB8C592C /* KTVSinger.app */ = {isa = PBXFileReference; includeInIndex = 0; lastKnownFileType = wrapper.application; path = KTVSinger.app; sourceTree = BUILT_PRODUCTS_DIR; };
		4855DC3E3C420D1EFEC24745 /* YouTubePlayerService.swift */ = {isa = PBXFileReference; lastKnownFileType = sourcecode.swift; path = YouTubePlayerService.swift; sourceTree = "<group>"; };
		48AC91E525720AEC50571543 /* QueuePlayerView.swift */ = {isa = PBXFileReference; lastKnownFileType = sourcecode.swift; path = QueuePlayerView.swift; sourceTree = "<group>"; };
		7C71632D6A4575FD349602B8 /* PlayerViewModel.swift */ = {isa = PBXFileReference; lastKnownFileType = sourcecode.swift; path = PlayerViewModel.swift; sourceTree = "<group>"; };
		7DB3E9FFFBE22CBBA15135DC /* SupabaseClient.swift */ = {isa = PBXFileReference; lastKnownFileType = sourcecode.swift; path = SupabaseClient.swift; sourceTree = "<group>"; };
		82184A371E40EEDD7AB4A5F0 /* PlayerView.swift */ = {isa = PBXFileReference; lastKnownFileType = sourcecode.swift; path = PlayerView.swift; sourceTree = "<group>"; };
		83D3BE68B31B254B7363745B /* SongBrowserView.swift */ = {isa = PBXFileReference; lastKnownFileType = sourcecode.swift; path = SongBrowserView.swift; sourceTree = "<group>"; };
		91E57604D0623F07EF4CA692 /* APIClient.swift */ = {isa = PBXFileReference; lastKnownFileType = sourcecode.swift; path = APIClient.swift; sourceTree = "<group>"; };
		9F65539D042CC7AB8AD7AE57 /* QueueEntry.swift */ = {isa = PBXFileReference; lastKnownFileType = sourcecode.swift; path = QueueEntry.swift; sourceTree = "<group>"; };
		C079225F143228A7055E1632 /* PairingView.swift */ = {isa = PBXFileReference; lastKnownFileType = sourcecode.swift; path = PairingView.swift; sourceTree = "<group>"; };
		C9799C4F61443A751B5FAE4A /* AuthenticationView.swift */ = {isa = PBXFileReference; lastKnownFileType = sourcecode.swift; path = AuthenticationView.swift; sourceTree = "<group>"; };
		D0BF10A32072B201D874BFF2 /* KTVSingerApp.swift */ = {isa = PBXFileReference; lastKnownFileType = sourcecode.swift; path = KTVSingerApp.swift; sourceTree = "<group>"; };
		D59014439210E54DC17AE39F /* AudioStreamService.swift */ = {isa = PBXFileReference; lastKnownFileType = sourcecode.swift; path = AudioStreamService.swift; sourceTree = "<group>"; };
		EC88BBE882CD4149BAF5CA9E /* SocketPairingService.swift */ = {isa = PBXFileReference; lastKnownFileType = sourcecode.swift; path = SocketPairingService.swift; sourceTree = "<group>"; };
		F140FF50C201F6795B4BBDFC /* MicLevelIndicator.swift */ = {isa = PBXFileReference; lastKnownFileType = sourcecode.swift; path = MicLevelIndicator.swift; sourceTree = "<group>"; };
		FC836AEDD01F0D4DBEA8E058 /* SongBrowserViewModel.swift */ = {isa = PBXFileReference; lastKnownFileType = sourcecode.swift; path = SongBrowserViewModel.swift; sourceTree = "<group>"; };
/* End PBXFileReference section */

/* Begin PBXFrameworksBuildPhase section */
		1DB21A92A60ACC3635771943 /* Frameworks */ = {
			isa = PBXFrameworksBuildPhase;
			buildActionMask = 2147483647;
			files = (
				7BACFB9AF8197EE0F82B70B6 /* Supabase in Frameworks */,
				92981B7EFA3D0BDCD120A69C /* SocketIO in Frameworks */,
			);
			runOnlyForDeploymentPostprocessing = 0;
		};
/* End PBXFrameworksBuildPhase section */

/* Begin PBXGroup section */
		186E78860A9898013D660DB8 /* Products */ = {
			isa = PBXGroup;
			children = (
				46AA6DA6F2002F6EFB8C592C /* KTVSinger.app */,
			);
			name = Products;
			sourceTree = "<group>";
		};
		1A659813B71AE4DBD82C06BA /* SongBrowser */ = {
			isa = PBXGroup;
			children = (
				A7361440C8F297EF152E95F4 /* ViewModels */,
				C24710F0AAC3C7394F485423 /* Views */,
			);
			path = SongBrowser;
			sourceTree = "<group>";
		};
		1DBE42C8DCC90E3268086D7C /* Views */ = {
			isa = PBXGroup;
			children = (
				1817BBA29E8F4D3D187FEFEF /* FavoritesView.swift */,
			);
			path = Views;
			sourceTree = "<group>";
		};
		2C38D144F8FDD12C6F0E4BDD /* Database */ = {
			isa = PBXGroup;
			children = (
				7DB3E9FFFBE22CBBA15135DC /* SupabaseClient.swift */,
			);
			path = Database;
			sourceTree = "<group>";
		};
		448577B76D8D1A88FE526985 /* Services */ = {
			isa = PBXGroup;
			children = (
				0CCD25ACB63D04CCC24D2982 /* LyricsSyncService.swift */,
				4855DC3E3C420D1EFEC24745 /* YouTubePlayerService.swift */,
			);
			path = Services;
			sourceTree = "<group>";
		};
		469DC6BC9CBF0E79392E7A67 /* Player */ = {
			isa = PBXGroup;
			children = (
				448577B76D8D1A88FE526985 /* Services */,
				C32A65E3102B3CDE30D1C9BB /* ViewModels */,
				5BD3CC6BEBF7F364E87DE793 /* Views */,
			);
			path = Player;
			sourceTree = "<group>";
		};
		58367762814EF6F7B3639A37 /* Models */ = {
			isa = PBXGroup;
			children = (
				3D77D8E97008672FB7B0FFCB /* DeviceConnection.swift */,
				9F65539D042CC7AB8AD7AE57 /* QueueEntry.swift */,
				2A361AD6DC307D1AAA87651E /* Song.swift */,
			);
			path = Models;
			sourceTree = "<group>";
		};
		5BD3CC6BEBF7F364E87DE793 /* Views */ = {
			isa = PBXGroup;
			children = (
				82184A371E40EEDD7AB4A5F0 /* PlayerView.swift */,
				48AC91E525720AEC50571543 /* QueuePlayerView.swift */,
			);
			path = Views;
			sourceTree = "<group>";
		};
		5C472FB32EB078F41EDD06A2 /* Pairing */ = {
			isa = PBXGroup;
			children = (
				6FB1AF7AA8E91CA1F39A945F /* Services */,
				9E6CFF915089BAB22582B061 /* ViewModels */,
				745F27E84E5DE29FAA2BF872 /* Views */,
			);
			path = Pairing;
			sourceTree = "<group>";
		};
		6FB1AF7AA8E91CA1F39A945F /* Services */ = {
			isa = PBXGroup;
			children = (
				EC88BBE882CD4149BAF5CA9E /* SocketPairingService.swift */,
			);
			path = Services;
			sourceTree = "<group>";
		};
		745F27E84E5DE29FAA2BF872 /* Views */ = {
			isa = PBXGroup;
			children = (
				C079225F143228A7055E1632 /* PairingView.swift */,
			);
			path = Views;
			sourceTree = "<group>";
		};
		7D9F7938E5967CD478ECDE0E = {
			isa = PBXGroup;
			children = (
				D0BF10A32072B201D874BFF2 /* KTVSingerApp.swift */,
				F72DE9315BD73A121C71394C /* Features */,
				8398A8254F049CCA8A896E1F /* Shared */,
				186E78860A9898013D660DB8 /* Products */,
			);
			sourceTree = "<group>";
		};
		802F7F8C4B2538E8148D0BD7 /* Views */ = {
			isa = PBXGroup;
			children = (
				C9799C4F61443A751B5FAE4A /* AuthenticationView.swift */,
			);
			path = Views;
			sourceTree = "<group>";
		};
		8398A8254F049CCA8A896E1F /* Shared */ = {
			isa = PBXGroup;
			children = (
				2C38D144F8FDD12C6F0E4BDD /* Database */,
				58367762814EF6F7B3639A37 /* Models */,
				9112D5FE9D1E4169A3EC45E8 /* Networking */,
				DFCBC29B0988BE5F005E2EFE /* Services */,
				9C6E922D5B6D3FBD0AE9315F /* Views */,
			);
			path = Shared;
			sourceTree = "<group>";
		};
		9112D5FE9D1E4169A3EC45E8 /* Networking */ = {
			isa = PBXGroup;
			children = (
				91E57604D0623F07EF4CA692 /* APIClient.swift */,
				14DDB28444B3EA41642CCE05 /* APIError.swift */,
			);
			path = Networking;
			sourceTree = "<group>";
		};
		9C6E922D5B6D3FBD0AE9315F /* Views */ = {
			isa = PBXGroup;
			children = (
				F140FF50C201F6795B4BBDFC /* MicLevelIndicator.swift */,
			);
			path = Views;
			sourceTree = "<group>";
		};
		9E6CFF915089BAB22582B061 /* ViewModels */ = {
			isa = PBXGroup;
			children = (
			);
			path = ViewModels;
			sourceTree = "<group>";
		};
		A4818B37C0E4277608F8CA51 /* Authentication */ = {
			isa = PBXGroup;
			children = (
				802F7F8C4B2538E8148D0BD7 /* Views */,
			);
			path = Authentication;
			sourceTree = "<group>";
		};
		A7361440C8F297EF152E95F4 /* ViewModels */ = {
			isa = PBXGroup;
			children = (
				FC836AEDD01F0D4DBEA8E058 /* SongBrowserViewModel.swift */,
			);
			path = ViewModels;
			sourceTree = "<group>";
		};
		B8DC5AD7559AE51CE7923C4F /* Favorites */ = {
			isa = PBXGroup;
			children = (
				1DBE42C8DCC90E3268086D7C /* Views */,
			);
			path = Favorites;
			sourceTree = "<group>";
		};
		C24710F0AAC3C7394F485423 /* Views */ = {
			isa = PBXGroup;
			children = (
				83D3BE68B31B254B7363745B /* SongBrowserView.swift */,
			);
			path = Views;
			sourceTree = "<group>";
		};
		C32A65E3102B3CDE30D1C9BB /* ViewModels */ = {
			isa = PBXGroup;
			children = (
				7C71632D6A4575FD349602B8 /* PlayerViewModel.swift */,
			);
			path = ViewModels;
			sourceTree = "<group>";
		};
		CEE460DF447C6B01F93D194F /* Settings */ = {
			isa = PBXGroup;
			children = (
				EBD7521489F7930BE1E1A919 /* Views */,
			);
			path = Settings;
			sourceTree = "<group>";
		};
		DFCBC29B0988BE5F005E2EFE /* Services */ = {
			isa = PBXGroup;
			children = (
				D59014439210E54DC17AE39F /* AudioStreamService.swift */,
				35DD97D5B365D828A64CE641 /* DevicePairingService.swift */,
				3EE461E7D4727BBE5F8D47F4 /* QueueService.swift */,
			);
			path = Services;
			sourceTree = "<group>";
		};
		EBD7521489F7930BE1E1A919 /* Views */ = {
			isa = PBXGroup;
			children = (
				242697E18AEAB60CBAFEFDD9 /* SettingsView.swift */,
			);
			path = Views;
			sourceTree = "<group>";
		};
		F72DE9315BD73A121C71394C /* Features */ = {
			isa = PBXGroup;
			children = (
				A4818B37C0E4277608F8CA51 /* Authentication */,
				B8DC5AD7559AE51CE7923C4F /* Favorites */,
				5C472FB32EB078F41EDD06A2 /* Pairing */,
				469DC6BC9CBF0E79392E7A67 /* Player */,
				CEE460DF447C6B01F93D194F /* Settings */,
				1A659813B71AE4DBD82C06BA /* SongBrowser */,
			);
			path = Features;
			sourceTree = "<group>";
		};
/* End PBXGroup section */

/* Begin PBXNativeTarget section */
		F8D5C866FB0E41241C74561C /* KTVSinger */ = {
			isa = PBXNativeTarget;
			buildConfigurationList = 8C6B53C005DE28EBC6D49C55 /* Build configuration list for PBXNativeTarget "KTVSinger" */;
			buildPhases = (
				37E5CEAE32D5EB56CBB22BE5 /* Sources */,
				1DB21A92A60ACC3635771943 /* Frameworks */,
			);
			buildRules = (
			);
			dependencies = (
			);
			name = KTVSinger;
			packageProductDependencies = (
				A5F64993CEC01C3B19A26EC4 /* Supabase */,
				B4F6B415090C4942A2796B12 /* SocketIO */,
			);
			productName = KTVSinger;
			productReference = 46AA6DA6F2002F6EFB8C592C /* KTVSinger.app */;
			productType = "com.apple.product-type.application";
		};
/* End PBXNativeTarget section */

/* Begin PBXProject section */
		F50F96B6385B23630B4FB171 /* Project object */ = {
			isa = PBXProject;
			attributes = {
				BuildIndependentTargetsInParallel = YES;
				LastUpgradeCheck = 1600;
				TargetAttributes = {
					F8D5C866FB0E41241C74561C = {
						ProvisioningStyle = Automatic;
					};
				};
			};
			buildConfigurationList = 52B9E6E6C2648C7F70B1ECE6 /* Build configuration list for PBXProject "KTVSinger" */;
			compatibilityVersion = "Xcode 14.0";
			developmentRegion = en;
			hasScannedForEncodings = 0;
			knownRegions = (
				Base,
				en,
			);
			mainGroup = 7D9F7938E5967CD478ECDE0E;
			minimizedProjectReferenceProxies = 1;
			packageReferences = (
				1414D4F1A0FC5253038DFD2D /* XCRemoteSwiftPackageReference "socket.io-client-swift" */,
				93AF43B9C3C84018B60CCFB0 /* XCRemoteSwiftPackageReference "supabase-swift" */,
			);
			preferredProjectObjectVersion = 77;
			projectDirPath = "";
			projectRoot = "";
			targets = (
				F8D5C866FB0E41241C74561C /* KTVSinger */,
			);
		};
/* End PBXProject section */

/* Begin PBXSourcesBuildPhase section */
		37E5CEAE32D5EB56CBB22BE5 /* Sources */ = {
			isa = PBXSourcesBuildPhase;
			buildActionMask = 2147483647;
			files = (
				736A530EE928DFDDF639D8EF /* APIClient.swift in Sources */,
				753B4F4E904112473E91503F /* APIError.swift in Sources */,
				BFC43AC850966B8CEA3ACD02 /* AudioStreamService.swift in Sources */,
				9A2D002B5E3DA17322C65B4A /* AuthenticationView.swift in Sources */,
				5944ACD1EFE6A32BA16450FF /* DeviceConnection.swift in Sources */,
				D049FBB55116A037A13868A2 /* DevicePairingService.swift in Sources */,
				FF3804000606EFE6DD440F74 /* FavoritesView.swift in Sources */,
				D03946AD48BAB3AADFC0C211 /* KTVSingerApp.swift in Sources */,
				7AB83E55365371E8429C7636 /* LyricsSyncService.swift in Sources */,
				84FFDFF6C99BC8517DEB3DC5 /* MicLevelIndicator.swift in Sources */,
				6AF083A00151BDEC30C16B07 /* PairingView.swift in Sources */,
				0CDE1BCA967CEA363D1C6A8B /* PlayerView.swift in Sources */,
				EDC8E5F59BED9476BA2E9F42 /* PlayerViewModel.swift in Sources */,
				B051CCDBFD2858052B7BEABB /* QueueEntry.swift in Sources */,
				26F1D5E08DF3F8D5FD19011D /* QueuePlayerView.swift in Sources */,
				35A0FAB9AF2EA928CC99D9F4 /* QueueService.swift in Sources */,
				5F7F517B9BB5D9BED1321225 /* SettingsView.swift in Sources */,
				6DCC7E9405E9B5A6D12BA565 /* SocketPairingService.swift in Sources */,
				032B9FF656A39CA54FFD6696 /* Song.swift in Sources */,
				D845F39E7032720DE2992DE4 /* SongBrowserView.swift in Sources */,
				512E138CC8FAAAE99710B2CA /* SongBrowserViewModel.swift in Sources */,
				6F95E889AB7BEA35A714BAF4 /* SupabaseClient.swift in Sources */,
				19A37AD52B775C629BC0A81A /* YouTubePlayerService.swift in Sources */,
			);
			runOnlyForDeploymentPostprocessing = 0;
		};
/* End PBXSourcesBuildPhase section */

/* Begin XCBuildConfiguration section */
		070789E9CB31F6B17FF380E1 /* Release */ = {
			isa = XCBuildConfiguration;
			buildSettings = {
				ASSETCATALOG_COMPILER_APPICON_NAME = "App Icon & Top Shelf Image";
				ASSETCATALOG_COMPILER_LAUNCHIMAGE_NAME = LaunchImage;
				CODE_SIGN_STYLE = Automatic;
				ENABLE_USER_SCRIPT_SANDBOXING = NO;
				INFOPLIST_FILE = Info.plist;
				INFOPLIST_GENERATION_MODE = GeneratedByXcode;
				LD_RUNPATH_SEARCH_PATHS = (
					"$(inherited)",
					"@executable_path/Frameworks",
				);
				PRODUCT_BUNDLE_IDENTIFIER = com.ktvsinger.tvos;
				SDKROOT = appletvos;
				SWIFT_VERSION = 5.9;
				TARGETED_DEVICE_FAMILY = 3;
			};
			name = Release;
		};
		85246D3E2D22C918A6404C38 /* Debug */ = {
			isa = XCBuildConfiguration;
			buildSettings = {
				ASSETCATALOG_COMPILER_APPICON_NAME = "App Icon & Top Shelf Image";
				ASSETCATALOG_COMPILER_LAUNCHIMAGE_NAME = LaunchImage;
				CODE_SIGN_STYLE = Automatic;
				ENABLE_USER_SCRIPT_SANDBOXING = NO;
				INFOPLIST_FILE = Info.plist;
				INFOPLIST_GENERATION_MODE = GeneratedByXcode;
				LD_RUNPATH_SEARCH_PATHS = (
					"$(inherited)",
					"@executable_path/Frameworks",
				);
				PRODUCT_BUNDLE_IDENTIFIER = com.ktvsinger.tvos;
				SDKROOT = appletvos;
				SWIFT_VERSION = 5.9;
				TARGETED_DEVICE_FAMILY = 3;
			};
			name = Debug;
		};
		9FD58E42E3F6EF87F2DECED8 /* Release */ = {
			isa = XCBuildConfiguration;
			buildSettings = {
				ALWAYS_SEARCH_USER_PATHS = NO;
				CLANG_ANALYZER_NONNULL = YES;
				CLANG_ANALYZER_NUMBER_OBJECT_CONVERSION = YES_AGGRESSIVE;
				CLANG_CXX_LANGUAGE_STANDARD = "gnu++14";
				CLANG_CXX_LIBRARY = "libc++";
				CLANG_ENABLE_MODULES = YES;
				CLANG_ENABLE_OBJC_ARC = YES;
				CLANG_ENABLE_OBJC_WEAK = YES;
				CLANG_WARN_BLOCK_CAPTURE_AUTORELEASING = YES;
				CLANG_WARN_BOOL_CONVERSION = YES;
				CLANG_WARN_COMMA = YES;
				CLANG_WARN_CONSTANT_CONVERSION = YES;
				CLANG_WARN_DEPRECATED_OBJC_IMPLEMENTATIONS = YES;
				CLANG_WARN_DIRECT_OBJC_ISA_USAGE = YES_ERROR;
				CLANG_WARN_DOCUMENTATION_COMMENTS = YES;
				CLANG_WARN_EMPTY_BODY = YES;
				CLANG_WARN_ENUM_CONVERSION = YES;
				CLANG_WARN_INFINITE_RECURSION = YES;
				CLANG_WARN_INT_CONVERSION = YES;
				CLANG_WARN_NON_LITERAL_NULL_CONVERSION = YES;
				CLANG_WARN_OBJC_IMPLICIT_RETAIN_SELF = YES;
				CLANG_WARN_OBJC_LITERAL_CONVERSION = YES;
				CLANG_WARN_OBJC_ROOT_CLASS = YES_ERROR;
				CLANG_WARN_QUOTED_INCLUDE_IN_FRAMEWORK_HEADER = YES;
				CLANG_WARN_RANGE_LOOP_ANALYSIS = YES;
				CLANG_WARN_STRICT_PROTOTYPES = YES;
				CLANG_WARN_SUSPICIOUS_MOVE = YES;
				CLANG_WARN_UNGUARDED_AVAILABILITY = YES_AGGRESSIVE;
				CLANG_WARN_UNREACHABLE_CODE = YES;
				CLANG_WARN__DUPLICATE_METHOD_MATCH = YES;
				COPY_PHASE_STRIP = NO;
				DEBUG_INFORMATION_FORMAT = "dwarf-with-dsym";
				ENABLE_NS_ASSERTIONS = NO;
				ENABLE_STRICT_OBJC_MSGSEND = YES;
				GCC_C_LANGUAGE_STANDARD = gnu11;
				GCC_NO_COMMON_BLOCKS = YES;
				GCC_WARN_64_TO_32_BIT_CONVERSION = YES;
				GCC_WARN_ABOUT_RETURN_TYPE = YES_ERROR;
				GCC_WARN_UNDECLARED_SELECTOR = YES;
				GCC_WARN_UNINITIALIZED_AUTOS = YES_AGGRESSIVE;
				GCC_WARN_UNUSED_FUNCTION = YES;
				GCC_WARN_UNUSED_VARIABLE = YES;
				MTL_ENABLE_DEBUG_INFO = NO;
				MTL_FAST_MATH = YES;
				PRODUCT_NAME = "$(TARGET_NAME)";
				SDKROOT = appletvos;
				SWIFT_COMPILATION_MODE = wholemodule;
				SWIFT_OPTIMIZATION_LEVEL = "-O";
				SWIFT_VERSION = 5.0;
				TVOS_DEPLOYMENT_TARGET = 17.0;
			};
			name = Release;
		};
		D22297B78983E475331109FE /* Debug */ = {
			isa = XCBuildConfiguration;
			buildSettings = {
				ALWAYS_SEARCH_USER_PATHS = NO;
				CLANG_ANALYZER_NONNULL = YES;
				CLANG_ANALYZER_NUMBER_OBJECT_CONVERSION = YES_AGGRESSIVE;
				CLANG_CXX_LANGUAGE_STANDARD = "gnu++14";
				CLANG_CXX_LIBRARY = "libc++";
				CLANG_ENABLE_MODULES = YES;
				CLANG_ENABLE_OBJC_ARC = YES;
				CLANG_ENABLE_OBJC_WEAK = YES;
				CLANG_WARN_BLOCK_CAPTURE_AUTORELEASING = YES;
				CLANG_WARN_BOOL_CONVERSION = YES;
				CLANG_WARN_COMMA = YES;
				CLANG_WARN_CONSTANT_CONVERSION = YES;
				CLANG_WARN_DEPRECATED_OBJC_IMPLEMENTATIONS = YES;
				CLANG_WARN_DIRECT_OBJC_ISA_USAGE = YES_ERROR;
				CLANG_WARN_DOCUMENTATION_COMMENTS = YES;
				CLANG_WARN_EMPTY_BODY = YES;
				CLANG_WARN_ENUM_CONVERSION = YES;
				CLANG_WARN_INFINITE_RECURSION = YES;
				CLANG_WARN_INT_CONVERSION = YES;
				CLANG_WARN_NON_LITERAL_NULL_CONVERSION = YES;
				CLANG_WARN_OBJC_IMPLICIT_RETAIN_SELF = YES;
				CLANG_WARN_OBJC_LITERAL_CONVERSION = YES;
				CLANG_WARN_OBJC_ROOT_CLASS = YES_ERROR;
				CLANG_WARN_QUOTED_INCLUDE_IN_FRAMEWORK_HEADER = YES;
				CLANG_WARN_RANGE_LOOP_ANALYSIS = YES;
				CLANG_WARN_STRICT_PROTOTYPES = YES;
				CLANG_WARN_SUSPICIOUS_MOVE = YES;
				CLANG_WARN_UNGUARDED_AVAILABILITY = YES_AGGRESSIVE;
				CLANG_WARN_UNREACHABLE_CODE = YES;
				CLANG_WARN__DUPLICATE_METHOD_MATCH = YES;
				COPY_PHASE_STRIP = NO;
				DEBUG_INFORMATION_FORMAT = dwarf;
				ENABLE_STRICT_OBJC_MSGSEND = YES;
				ENABLE_TESTABILITY = YES;
				GCC_C_LANGUAGE_STANDARD = gnu11;
				GCC_DYNAMIC_NO_PIC = NO;
				GCC_NO_COMMON_BLOCKS = YES;
				GCC_OPTIMIZATION_LEVEL = 0;
				GCC_PREPROCESSOR_DEFINITIONS = (
					"$(inherited)",
					"DEBUG=1",
				);
				GCC_WARN_64_TO_32_BIT_CONVERSION = YES;
				GCC_WARN_ABOUT_RETURN_TYPE = YES_ERROR;
				GCC_WARN_UNDECLARED_SELECTOR = YES;
				GCC_WARN_UNINITIALIZED_AUTOS = YES_AGGRESSIVE;
				GCC_WARN_UNUSED_FUNCTION = YES;
				GCC_WARN_UNUSED_VARIABLE = YES;
				MTL_ENABLE_DEBUG_INFO = INCLUDE_SOURCE;
				MTL_FAST_MATH = YES;
				ONLY_ACTIVE_ARCH = YES;
				PRODUCT_NAME = "$(TARGET_NAME)";
				SDKROOT = appletvos;
				SWIFT_ACTIVE_COMPILATION_CONDITIONS = DEBUG;
				SWIFT_OPTIMIZATION_LEVEL = "-Onone";
				SWIFT_VERSION = 5.0;
				TVOS_DEPLOYMENT_TARGET = 17.0;
			};
			name = Debug;
		};
/* End XCBuildConfiguration section */

/* Begin XCConfigurationList section */
		52B9E6E6C2648C7F70B1ECE6 /* Build configuration list for PBXProject "KTVSinger" */ = {
			isa = XCConfigurationList;
			buildConfigurations = (
				D22297B78983E475331109FE /* Debug */,
				9FD58E42E3F6EF87F2DECED8 /* Release */,
			);
			defaultConfigurationIsVisible = 0;
			defaultConfigurationName = Debug;
		};
		8C6B53C005DE28EBC6D49C55 /* Build configuration list for PBXNativeTarget "KTVSinger" */ = {
			isa = XCConfigurationList;
			buildConfigurations = (
				85246D3E2D22C918A6404C38 /* Debug */,
				070789E9CB31F6B17FF380E1 /* Release */,
			);
			defaultConfigurationIsVisible = 0;
			defaultConfigurationName = Debug;
		};
/* End XCConfigurationList section */

/* Begin XCRemoteSwiftPackageReference section */
		1414D4F1A0FC5253038DFD2D /* XCRemoteSwiftPackageReference "socket.io-client-swift" */ = {
			isa = XCRemoteSwiftPackageReference;
			repositoryURL = "https://github.com/socketio/socket.io-client-swift.git";
			requirement = {
				kind = upToNextMajorVersion;
				minimumVersion = 16.1.1;
			};
		};
		93AF43B9C3C84018B60CCFB0 /* XCRemoteSwiftPackageReference "supabase-swift" */ = {
			isa = XCRemoteSwiftPackageReference;
			repositoryURL = "https://github.com/supabase/supabase-swift.git";
			requirement = {
				kind = upToNextMajorVersion;
				minimumVersion = 2.0.0;
			};
		};
/* End XCRemoteSwiftPackageReference section */

/* Begin XCSwiftPackageProductDependency section */
		A5F64993CEC01C3B19A26EC4 /* Supabase */ = {
			isa = XCSwiftPackageProductDependency;
			package = 93AF43B9C3C84018B60CCFB0 /* XCRemoteSwiftPackageReference "supabase-swift" */;
			productName = Supabase;
		};
		B4F6B415090C4942A2796B12 /* SocketIO */ = {
			isa = XCSwiftPackageProductDependency;
			package = 1414D4F1A0FC5253038DFD2D /* XCRemoteSwiftPackageReference "socket.io-client-swift" */;
			productName = SocketIO;
		};
/* End XCSwiftPackageProductDependency section */
	};
	rootObject = F50F96B6385B23630B4FB171 /* Project object */;
}
